// !$*UTF8*$!
{
	archiveVersion = 1;
	classes = {
	};
	objectVersion = 55;
	objects = {

/* Begin PBXBuildFile section */
		410D7615281B83BC000E24A9 /* PracticePropertyApp.swift in Sources */ = {isa = PBXBuildFile; fileRef = 410D7614281B83BC000E24A9 /* PracticePropertyApp.swift */; };
		410D7617281B83BC000E24A9 /* ContentView.swift in Sources */ = {isa = PBXBuildFile; fileRef = 410D7616281B83BC000E24A9 /* ContentView.swift */; };
		410D7619281B83BD000E24A9 /* Assets.xcassets in Resources */ = {isa = PBXBuildFile; fileRef = 410D7618281B83BD000E24A9 /* Assets.xcassets */; };
		410D761C281B83BD000E24A9 /* Preview Assets.xcassets in Resources */ = {isa = PBXBuildFile; fileRef = 410D761B281B83BD000E24A9 /* Preview Assets.xcassets */; };
		410D7623281B83E3000E24A9 /* ObservedScreen.swift in Sources */ = {isa = PBXBuildFile; fileRef = 410D7622281B83E3000E24A9 /* ObservedScreen.swift */; };
		410D7625281B83FA000E24A9 /* UserInfo.swift in Sources */ = {isa = PBXBuildFile; fileRef = 410D7624281B83FA000E24A9 /* UserInfo.swift */; };
		41E01A59281CC8A700FD0013 /* EnvironmentView1.swift in Sources */ = {isa = PBXBuildFile; fileRef = 41E01A58281CC8A700FD0013 /* EnvironmentView1.swift */; };
		41E01A5B281CC92E00FD0013 /* EnvironmentView2.swift in Sources */ = {isa = PBXBuildFile; fileRef = 41E01A5A281CC92E00FD0013 /* EnvironmentView2.swift */; };
		41E01A5D281CD0DF00FD0013 /* ObservedScreen2.swift in Sources */ = {isa = PBXBuildFile; fileRef = 41E01A5C281CD0DF00FD0013 /* ObservedScreen2.swift */; };
/* End PBXBuildFile section */

/* Begin PBXFileReference section */
		410D7611281B83BC000E24A9 /* PracticeProperty.app */ = {isa = PBXFileReference; explicitFileType = wrapper.application; includeInIndex = 0; path = PracticeProperty.app; sourceTree = BUILT_PRODUCTS_DIR; };
		410D7614281B83BC000E24A9 /* PracticePropertyApp.swift */ = {isa = PBXFileReference; lastKnownFileType = sourcecode.swift; path = PracticePropertyApp.swift; sourceTree = "<group>"; };
		410D7616281B83BC000E24A9 /* ContentView.swift */ = {isa = PBXFileReference; lastKnownFileType = sourcecode.swift; path = ContentView.swift; sourceTree = "<group>"; };
		410D7618281B83BD000E24A9 /* Assets.xcassets */ = {isa = PBXFileReference; lastKnownFileType = folder.assetcatalog; path = Assets.xcassets; sourceTree = "<group>"; };
		410D761B281B83BD000E24A9 /* Preview Assets.xcassets */ = {isa = PBXFileReference; lastKnownFileType = folder.assetcatalog; path = "Preview Assets.xcassets"; sourceTree = "<group>"; };
		410D7622281B83E3000E24A9 /* ObservedScreen.swift */ = {isa = PBXFileReference; lastKnownFileType = sourcecode.swift; path = ObservedScreen.swift; sourceTree = "<group>"; };
		410D7624281B83FA000E24A9 /* UserInfo.swift */ = {isa = PBXFileReference; lastKnownFileType = sourcecode.swift; path = UserInfo.swift; sourceTree = "<group>"; };
		41E01A58281CC8A700FD0013 /* EnvironmentView1.swift */ = {isa = PBXFileReference; lastKnownFileType = sourcecode.swift; path = EnvironmentView1.swift; sourceTree = "<group>"; };
		41E01A5A281CC92E00FD0013 /* EnvironmentView2.swift */ = {isa = PBXFileReference; lastKnownFileType = sourcecode.swift; path = EnvironmentView2.swift; sourceTree = "<group>"; };
		41E01A5C281CD0DF00FD0013 /* ObservedScreen2.swift */ = {isa = PBXFileReference; lastKnownFileType = sourcecode.swift; path = ObservedScreen2.swift; sourceTree = "<group>"; };
/* End PBXFileReference section */

/* Begin PBXFrameworksBuildPhase section */
		410D760E281B83BC000E24A9 /* Frameworks */ = {
			isa = PBXFrameworksBuildPhase;
			buildActionMask = 2147483647;
			files = (
			);
			runOnlyForDeploymentPostprocessing = 0;
		};
/* End PBXFrameworksBuildPhase section */

/* Begin PBXGroup section */
		410D7608281B83BC000E24A9 = {
			isa = PBXGroup;
			children = (
				410D7613281B83BC000E24A9 /* PracticeProperty */,
				410D7612281B83BC000E24A9 /* Products */,
			);
			sourceTree = "<group>";
		};
		410D7612281B83BC000E24A9 /* Products */ = {
			isa = PBXGroup;
			children = (
				410D7611281B83BC000E24A9 /* PracticeProperty.app */,
			);
			name = Products;
			sourceTree = "<group>";
		};
		410D7613281B83BC000E24A9 /* PracticeProperty */ = {
			isa = PBXGroup;
			children = (
				410D7614281B83BC000E24A9 /* PracticePropertyApp.swift */,
				410D7616281B83BC000E24A9 /* ContentView.swift */,
				410D7622281B83E3000E24A9 /* ObservedScreen.swift */,
				410D7618281B83BD000E24A9 /* Assets.xcassets */,
				410D761A281B83BD000E24A9 /* Preview Content */,
				410D7624281B83FA000E24A9 /* UserInfo.swift */,
				41E01A58281CC8A700FD0013 /* EnvironmentView1.swift */,
				41E01A5A281CC92E00FD0013 /* EnvironmentView2.swift */,
				41E01A5C281CD0DF00FD0013 /* ObservedScreen2.swift */,
			);
			path = PracticeProperty;
			sourceTree = "<group>";
		};
		410D761A281B83BD000E24A9 /* Preview Content */ = {
			isa = PBXGroup;
			children = (
				410D761B281B83BD000E24A9 /* Preview Assets.xcassets */,
			);
			path = "Preview Content";
			sourceTree = "<group>";
		};
/* End PBXGroup section */

/* Begin PBXNativeTarget section */
		410D7610281B83BC000E24A9 /* PracticeProperty */ = {
			isa = PBXNativeTarget;
			buildConfigurationList = 410D761F281B83BD000E24A9 /* Build configuration list for PBXNativeTarget "PracticeProperty" */;
			buildPhases = (
				410D760D281B83BC000E24A9 /* Sources */,
				410D760E281B83BC000E24A9 /* Frameworks */,
				410D760F281B83BC000E24A9 /* Resources */,
			);
			buildRules = (
			);
			dependencies = (
			);
			name = PracticeProperty;
			productName = PracticeProperty;
			productReference = 410D7611281B83BC000E24A9 /* PracticeProperty.app */;
			productType = "com.apple.product-type.application";
		};
/* End PBXNativeTarget section */

/* Begin PBXProject section */
		410D7609281B83BC000E24A9 /* Project object */ = {
			isa = PBXProject;
			attributes = {
				BuildIndependentTargetsInParallel = 1;
				LastSwiftUpdateCheck = 1320;
				LastUpgradeCheck = 1320;
				TargetAttributes = {
					410D7610281B83BC000E24A9 = {
						CreatedOnToolsVersion = 13.2.1;
					};
				};
			};
			buildConfigurationList = 410D760C281B83BC000E24A9 /* Build configuration list for PBXProject "PracticeProperty" */;
			compatibilityVersion = "Xcode 13.0";
			developmentRegion = en;
			hasScannedForEncodings = 0;
			knownRegions = (
				en,
				Base,
			);
			mainGroup = 410D7608281B83BC000E24A9;
			productRefGroup = 410D7612281B83BC000E24A9 /* Products */;
			projectDirPath = "";
			projectRoot = "";
			targets = (
				410D7610281B83BC000E24A9 /* PracticeProperty */,
			);
		};
/* End PBXProject section */

/* Begin PBXResourcesBuildPhase section */
		410D760F281B83BC000E24A9 /* Resources */ = {
			isa = PBXResourcesBuildPhase;
			buildActionMask = 2147483647;
			files = (
				410D761C281B83BD000E24A9 /* Preview Assets.xcassets in Resources */,
				410D7619281B83BD000E24A9 /* Assets.xcassets in Resources */,
			);
			runOnlyForDeploymentPostprocessing = 0;
		};
/* End PBXResourcesBuildPhase section */

/* Begin PBXSourcesBuildPhase section */
		410D760D281B83BC000E24A9 /* Sources */ = {
			isa = PBXSourcesBuildPhase;
			buildActionMask = 2147483647;
			files = (
				41E01A59281CC8A700FD0013 /* EnvironmentView1.swift in Sources */,
				410D7625281B83FA000E24A9 /* UserInfo.swift in Sources */,
				410D7617281B83BC000E24A9 /* ContentView.swift in Sources */,
				41E01A5B281CC92E00FD0013 /* EnvironmentView2.swift in Sources */,
				410D7615281B83BC000E24A9 /* PracticePropertyApp.swift in Sources */,
				41E01A5D281CD0DF00FD0013 /* ObservedScreen2.swift in Sources */,
				410D7623281B83E3000E24A9 /* ObservedScreen.swift in Sources */,
			);
			runOnlyForDeploymentPostprocessing = 0;
		};
/* End PBXSourcesBuildPhase section */

/* Begin XCBuildConfiguration section */
		410D761D281B83BD000E24A9 /* Debug */ = {
			isa = XCBuildConfiguration;
			buildSettings = {
				ALWAYS_SEARCH_USER_PATHS = NO;
				CLANG_ANALYZER_NONNULL = YES;
				CLANG_ANALYZER_NUMBER_OBJECT_CONVERSION = YES_AGGRESSIVE;
				CLANG_CXX_LANGUAGE_STANDARD = "gnu++17";
				CLANG_CXX_LIBRARY = "libc++";
				CLANG_ENABLE_MODULES = YES;
				CLANG_ENABLE_OBJC_ARC = YES;
				CLANG_ENABLE_OBJC_WEAK = YES;
				CLANG_WARN_BLOCK_CAPTURE_AUTORELEASING = YES;
				CLANG_WARN_BOOL_CONVERSION = YES;
				CLANG_WARN_COMMA = YES;
				CLANG_WARN_CONSTANT_CONVERSION = YES;
				CLANG_WARN_DEPRECATED_OBJC_IMPLEMENTATIONS = YES;
				CLANG_WARN_DIRECT_OBJC_ISA_USAGE = YES_ERROR;
				CLANG_WARN_DOCUMENTATION_COMMENTS = YES;
				CLANG_WARN_EMPTY_BODY = YES;
				CLANG_WARN_ENUM_CONVERSION = YES;
				CLANG_WARN_INFINITE_RECURSION = YES;
				CLANG_WARN_INT_CONVERSION = YES;
				CLANG_WARN_NON_LITERAL_NULL_CONVERSION = YES;
				CLANG_WARN_OBJC_IMPLICIT_RETAIN_SELF = YES;
				CLANG_WARN_OBJC_LITERAL_CONVERSION = YES;
				CLANG_WARN_OBJC_ROOT_CLASS = YES_ERROR;
				CLANG_WARN_QUOTED_INCLUDE_IN_FRAMEWORK_HEADER = YES;
				CLANG_WARN_RANGE_LOOP_ANALYSIS = YES;
				CLANG_WARN_STRICT_PROTOTYPES = YES;
				CLANG_WARN_SUSPICIOUS_MOVE = YES;
				CLANG_WARN_UNGUARDED_AVAILABILITY = YES_AGGRESSIVE;
				CLANG_WARN_UNREACHABLE_CODE = YES;
				CLANG_WARN__DUPLICATE_METHOD_MATCH = YES;
				COPY_PHASE_STRIP = NO;
				DEBUG_INFORMATION_FORMAT = dwarf;
				ENABLE_STRICT_OBJC_MSGSEND = YES;
				ENABLE_TESTABILITY = YES;
				GCC_C_LANGUAGE_STANDARD = gnu11;
				GCC_DYNAMIC_NO_PIC = NO;
				GCC_NO_COMMON_BLOCKS = YES;
				GCC_OPTIMIZATION_LEVEL = 0;
				GCC_PREPROCESSOR_DEFINITIONS = (
					"DEBUG=1",
					"$(inherited)",
				);
				GCC_WARN_64_TO_32_BIT_CONVERSION = YES;
				GCC_WARN_ABOUT_RETURN_TYPE = YES_ERROR;
				GCC_WARN_UNDECLARED_SELECTOR = YES;
				GCC_WARN_UNINITIALIZED_AUTOS = YES_AGGRESSIVE;
				GCC_WARN_UNUSED_FUNCTION = YES;
				GCC_WARN_UNUSED_VARIABLE = YES;
				IPHONEOS_DEPLOYMENT_TARGET = 15.2;
				MTL_ENABLE_DEBUG_INFO = INCLUDE_SOURCE;
				MTL_FAST_MATH = YES;
				ONLY_ACTIVE_ARCH = YES;
				SDKROOT = iphoneos;
				SWIFT_ACTIVE_COMPILATION_CONDITIONS = DEBUG;
				SWIFT_OPTIMIZATION_LEVEL = "-Onone";
			};
			name = Debug;
		};
		410D761E281B83BD000E24A9 /* Release */ = {
			isa = XCBuildConfiguration;
			buildSettings = {
				ALWAYS_SEARCH_USER_PATHS = NO;
				CLANG_ANALYZER_NONNULL = YES;
				CLANG_ANALYZER_NUMBER_OBJECT_CONVERSION = YES_AGGRESSIVE;
				CLANG_CXX_LANGUAGE_STANDARD = "gnu++17";
				CLANG_CXX_LIBRARY = "libc++";
				CLANG_ENABLE_MODULES = YES;
				CLANG_ENABLE_OBJC_ARC = YES;
				CLANG_ENABLE_OBJC_WEAK = YES;
				CLANG_WARN_BLOCK_CAPTURE_AUTORELEASING = YES;
				CLANG_WARN_BOOL_CONVERSION = YES;
				CLANG_WARN_COMMA = YES;
				CLANG_WARN_CONSTANT_CONVERSION = YES;
				CLANG_WARN_DEPRECATED_OBJC_IMPLEMENTATIONS = YES;
				CLANG_WARN_DIRECT_OBJC_ISA_USAGE = YES_ERROR;
				CLANG_WARN_DOCUMENTATION_COMMENTS = YES;
				CLANG_WARN_EMPTY_BODY = YES;
				CLANG_WARN_ENUM_CONVERSION = YES;
				CLANG_WARN_INFINITE_RECURSION = YES;
				CLANG_WARN_INT_CONVERSION = YES;
				CLANG_WARN_NON_LITERAL_NULL_CONVERSION = YES;
				CLANG_WARN_OBJC_IMPLICIT_RETAIN_SELF = YES;
				CLANG_WARN_OBJC_LITERAL_CONVERSION = YES;
				CLANG_WARN_OBJC_ROOT_CLASS = YES_ERROR;
				CLANG_WARN_QUOTED_INCLUDE_IN_FRAMEWORK_HEADER = YES;
				CLANG_WARN_RANGE_LOOP_ANALYSIS = YES;
				CLANG_WARN_STRICT_PROTOTYPES = YES;
				CLANG_WARN_SUSPICIOUS_MOVE = YES;
				CLANG_WARN_UNGUARDED_AVAILABILITY = YES_AGGRESSIVE;
				CLANG_WARN_UNREACHABLE_CODE = YES;
				CLANG_WARN__DUPLICATE_METHOD_MATCH = YES;
				COPY_PHASE_STRIP = NO;
				DEBUG_INFORMATION_FORMAT = "dwarf-with-dsym";
				ENABLE_NS_ASSERTIONS = NO;
				ENABLE_STRICT_OBJC_MSGSEND = YES;
				GCC_C_LANGUAGE_STANDARD = gnu11;
				GCC_NO_COMMON_BLOCKS = YES;
				GCC_WARN_64_TO_32_BIT_CONVERSION = YES;
				GCC_WARN_ABOUT_RETURN_TYPE = YES_ERROR;
				GCC_WARN_UNDECLARED_SELECTOR = YES;
				GCC_WARN_UNINITIALIZED_AUTOS = YES_AGGRESSIVE;
				GCC_WARN_UNUSED_FUNCTION = YES;
				GCC_WARN_UNUSED_VARIABLE = YES;
				IPHONEOS_DEPLOYMENT_TARGET = 15.2;
				MTL_ENABLE_DEBUG_INFO = NO;
				MTL_FAST_MATH = YES;
				SDKROOT = iphoneos;
				SWIFT_COMPILATION_MODE = wholemodule;
				SWIFT_OPTIMIZATION_LEVEL = "-O";
				VALIDATE_PRODUCT = YES;
			};
			name = Release;
		};
		410D7620281B83BD000E24A9 /* Debug */ = {
			isa = XCBuildConfiguration;
			buildSettings = {
				ASSETCATALOG_COMPILER_APPICON_NAME = AppIcon;
				ASSETCATALOG_COMPILER_GLOBAL_ACCENT_COLOR_NAME = AccentColor;
				CODE_SIGN_STYLE = Automatic;
				CURRENT_PROJECT_VERSION = 1;
				DEVELOPMENT_ASSET_PATHS = "\"PracticeProperty/Preview Content\"";
				DEVELOPMENT_TEAM = FMT7V8W4MT;
				ENABLE_PREVIEWS = YES;
				GENERATE_INFOPLIST_FILE = YES;
				INFOPLIST_KEY_UIApplicationSceneManifest_Generation = YES;
				INFOPLIST_KEY_UIApplicationSupportsIndirectInputEvents = YES;
				INFOPLIST_KEY_UILaunchScreen_Generation = YES;
				INFOPLIST_KEY_UISupportedInterfaceOrientations_iPad = "UIInterfaceOrientationPortrait UIInterfaceOrientationPortraitUpsideDown UIInterfaceOrientationLandscapeLeft UIInterfaceOrientationLandscapeRight";
				INFOPLIST_KEY_UISupportedInterfaceOrientations_iPhone = "UIInterfaceOrientationPortrait UIInterfaceOrientationLandscapeLeft UIInterfaceOrientationLandscapeRight";
				LD_RUNPATH_SEARCH_PATHS = (
					"$(inherited)",
					"@executable_path/Frameworks",
				);
				MARKETING_VERSION = 1.0;
				PRODUCT_BUNDLE_IDENTIFIER = com.appsoftlab.PracticeProperty;
				PRODUCT_NAME = "$(TARGET_NAME)";
				SWIFT_EMIT_LOC_STRINGS = YES;
				SWIFT_VERSION = 5.0;
				TARGETED_DEVICE_FAMILY = "1,2";
			};
			name = Debug;
		};
		410D7621281B83BD000E24A9 /* Release */ = {
			isa = XCBuildConfiguration;
			buildSettings = {
				ASSETCATALOG_COMPILER_APPICON_NAME = AppIcon;
				ASSETCATALOG_COMPILER_GLOBAL_ACCENT_COLOR_NAME = AccentColor;
				CODE_SIGN_STYLE = Automatic;
				CURRENT_PROJECT_VERSION = 1;
				DEVELOPMENT_ASSET_PATHS = "\"PracticeProperty/Preview Content\"";
				DEVELOPMENT_TEAM = FMT7V8W4MT;
				ENABLE_PREVIEWS = YES;
				GENERATE_INFOPLIST_FILE = YES;
				INFOPLIST_KEY_UIApplicationSceneManifest_Generation = YES;
				INFOPLIST_KEY_UIApplicationSupportsIndirectInputEvents = YES;
				INFOPLIST_KEY_UILaunchScreen_Generation = YES;
				INFOPLIST_KEY_UISupportedInterfaceOrientations_iPad = "UIInterfaceOrientationPortrait UIInterfaceOrientationPortraitUpsideDown UIInterfaceOrientationLandscapeLeft UIInterfaceOrientationLandscapeRight";
				INFOPLIST_KEY_UISupportedInterfaceOrientations_iPhone = "UIInterfaceOrientationPortrait UIInterfaceOrientationLandscapeLeft UIInterfaceOrientationLandscapeRight";
				LD_RUNPATH_SEARCH_PATHS = (
					"$(inherited)",
					"@executable_path/Frameworks",
				);
				MARKETING_VERSION = 1.0;
				PRODUCT_BUNDLE_IDENTIFIER = com.appsoftlab.PracticeProperty;
				PRODUCT_NAME = "$(TARGET_NAME)";
				SWIFT_EMIT_LOC_STRINGS = YES;
				SWIFT_VERSION = 5.0;
				TARGETED_DEVICE_FAMILY = "1,2";
			};
			name = Release;
		};
/* End XCBuildConfiguration section */

/* Begin XCConfigurationList section */
		410D760C281B83BC000E24A9 /* Build configuration list for PBXProject "PracticeProperty" */ = {
			isa = XCConfigurationList;
			buildConfigurations = (
				410D761D281B83BD000E24A9 /* Debug */,
				410D761E281B83BD000E24A9 /* Release */,
			);
			defaultConfigurationIsVisible = 0;
			defaultConfigurationName = Release;
		};
		410D761F281B83BD000E24A9 /* Build configuration list for PBXNativeTarget "PracticeProperty" */ = {
			isa = XCConfigurationList;
			buildConfigurations = (
				410D7620281B83BD000E24A9 /* Debug */,
				410D7621281B83BD000E24A9 /* Release */,
			);
			defaultConfigurationIsVisible = 0;
			defaultConfigurationName = Release;
		};
/* End XCConfigurationList section */
	};
	rootObject = 410D7609281B83BC000E24A9 /* Project object */;
}
